
Microsoft Visual Studio Solution File, Format Version 12.00
# Visual Studio Version 17
VisualStudioVersion = 17.8.34511.84
MinimumVisualStudioVersion = 10.0.40219.1
Project("{FAE04EC0-301F-11D3-BF4B-00C04F79EFBC}") = "Project_manager_app", "Project_manager_app.csproj", "{FADD6A2E-6296-460D-9855-6DD5BC638BAB}"
EndProject
Global
	GlobalSection(SolutionConfigurationPlatforms) = preSolution
		Debug|Any CPU = Debug|Any CPU
		Release|Any CPU = Release|Any CPU
	EndGlobalSection
	GlobalSection(ProjectConfigurationPlatforms) = postSolution
		{FADD6A2E-6296-460D-9855-6DD5BC638BAB}.Debug|Any CPU.ActiveCfg = Debug|Any CPU
		{FADD6A2E-6296-460D-9855-6DD5BC638BAB}.Debug|Any CPU.Build.0 = Debug|Any CPU
		{FADD6A2E-6296-460D-9855-6DD5BC638BAB}.Release|Any CPU.ActiveCfg = Release|Any CPU
		{FADD6A2E-6296-460D-9855-6DD5BC638BAB}.Release|Any CPU.Build.0 = Release|Any CPU
	EndGlobalSection
	GlobalSection(SolutionProperties) = preSolution
		HideSolutionNode = FALSE
	EndGlobalSection
	GlobalSection(ExtensibilityGlobals) = postSolution
		SolutionGuid = {A9DADDB1-3DE4-46C0-A19C-964BB90961E9}
	EndGlobalSection
EndGlobal
